<Project xmlns="http://schemas.microsoft.com/developer/msbuild/2003">
    <PropertyGroup>
        <ProjectGuid>{331282EE-F5D4-40A8-A94D-98CEA8157951}</ProjectGuid>
        <MainSource>locacao_automovel.dpr</MainSource>
        <Base>True</Base>
        <Config Condition="'$(Config)'==''">Debug</Config>
        <TargetedPlatforms>1025</TargetedPlatforms>
        <AppType>Application</AppType>
        <FrameworkType>VCL</FrameworkType>
        <ProjectVersion>17.2</ProjectVersion>
        <Platform Condition="'$(Platform)'==''">Win32</Platform>
    </PropertyGroup>
    <PropertyGroup Condition="'$(Config)'=='Base' or '$(Base)'!=''">
        <Base>true</Base>
    </PropertyGroup>
    <PropertyGroup Condition="('$(Platform)'=='Win32' and '$(Base)'=='true') or '$(Base_Win32)'!=''">
        <Base_Win32>true</Base_Win32>
        <CfgParent>Base</CfgParent>
        <Base>true</Base>
    </PropertyGroup>
    <PropertyGroup Condition="'$(Config)'=='Release' or '$(Cfg_1)'!=''">
        <Cfg_1>true</Cfg_1>
        <CfgParent>Base</CfgParent>
        <Base>true</Base>
    </PropertyGroup>
    <PropertyGroup Condition="('$(Platform)'=='Win32' and '$(Cfg_1)'=='true') or '$(Cfg_1_Win32)'!=''">
        <Cfg_1_Win32>true</Cfg_1_Win32>
        <CfgParent>Cfg_1</CfgParent>
        <Cfg_1>true</Cfg_1>
        <Base>true</Base>
    </PropertyGroup>
    <PropertyGroup Condition="'$(Config)'=='Debug' or '$(Cfg_2)'!=''">
        <Cfg_2>true</Cfg_2>
        <CfgParent>Base</CfgParent>
        <Base>true</Base>
    </PropertyGroup>
    <PropertyGroup Condition="('$(Platform)'=='Win32' and '$(Cfg_2)'=='true') or '$(Cfg_2_Win32)'!=''">
        <Cfg_2_Win32>true</Cfg_2_Win32>
        <CfgParent>Cfg_2</CfgParent>
        <Cfg_2>true</Cfg_2>
        <Base>true</Base>
    </PropertyGroup>
    <PropertyGroup Condition="'$(Base)'!=''">
        <DCC_N>false</DCC_N>
        <SanitizedProjectName>locacao_automovel</SanitizedProjectName>
        <DCC_F>false</DCC_F>
        <VerInfo_Locale>1046</VerInfo_Locale>
        <DCC_S>false</DCC_S>
        <VerInfo_Keys>CompanyName=;FileDescription=;FileVersion=1.0.0.0;InternalName=;LegalCopyright=;LegalTrademarks=;OriginalFilename=;ProductName=;ProductVersion=1.0.0.0;Comments=;CFBundleName=</VerInfo_Keys>
        <DCC_K>false</DCC_K>
        <DCC_E>false</DCC_E>
        <DCC_ImageBase>00400000</DCC_ImageBase>
        <DCC_Namespace>Vcl;Vcl.Imaging;Vcl.Touch;Vcl.Samples;Vcl.Shell;System;Xml;Data;Datasnap;Web;Soap;Winapi;System.Win;$(DCC_Namespace)</DCC_Namespace>
    </PropertyGroup>
    <PropertyGroup Condition="'$(Base_Win32)'!=''">
        <VerInfo_IncludeVerInfo>true</VerInfo_IncludeVerInfo>
        <VerInfo_Locale>1033</VerInfo_Locale>
        <DCC_Namespace>Data.Win;Datasnap.Win;Web.Win;Soap.Win;Xml.Win;Bde;$(DCC_Namespace)</DCC_Namespace>
        <VerInfo_Keys>CompanyName=;FileDescription=;FileVersion=1.0.0.0;InternalName=;LegalCopyright=;LegalTrademarks=;OriginalFilename=;ProductName=;ProductVersion=1.0.0.0;Comments=</VerInfo_Keys>
        <Manifest_File>$(BDS)\bin\default_app.manifest</Manifest_File>
    </PropertyGroup>
    <PropertyGroup Condition="'$(Cfg_1)'!=''">
        <DCC_Define>RELEASE;$(DCC_Define)</DCC_Define>
        <DCC_DebugInformation>0</DCC_DebugInformation>
        <DCC_LocalDebugSymbols>false</DCC_LocalDebugSymbols>
        <DCC_SymbolReferenceInfo>0</DCC_SymbolReferenceInfo>
    </PropertyGroup>
    <PropertyGroup Condition="'$(Cfg_1_Win32)'!=''">
        <VerInfo_IncludeVerInfo>true</VerInfo_IncludeVerInfo>
        <VerInfo_Locale>1033</VerInfo_Locale>
        <VerInfo_Keys>CompanyName=;FileDescription=;FileVersion=1.0.0.0;InternalName=;LegalCopyright=;LegalTrademarks=;OriginalFilename=;ProductName=;ProductVersion=1.0.0.0;Comments=</VerInfo_Keys>
        <DCC_ExeOutput>C:\SED Soft\</DCC_ExeOutput>
    </PropertyGroup>
    <PropertyGroup Condition="'$(Cfg_2)'!=''">
        <DCC_GenerateStackFrames>true</DCC_GenerateStackFrames>
        <DCC_Define>DEBUG;$(DCC_Define)</DCC_Define>
        <DCC_Optimize>false</DCC_Optimize>
    </PropertyGroup>
    <PropertyGroup Condition="'$(Cfg_2_Win32)'!=''">
        <VerInfo_IncludeVerInfo>true</VerInfo_IncludeVerInfo>
        <VerInfo_Locale>1033</VerInfo_Locale>
        <VerInfo_Keys>CompanyName=;FileDescription=;FileVersion=1.0.0.0;InternalName=;LegalCopyright=;LegalTrademarks=;OriginalFilename=;ProductName=;ProductVersion=1.0.0.0;Comments=</VerInfo_Keys>
        <DCC_ExeOutput>C:\SED Soft\</DCC_ExeOutput>
    </PropertyGroup>
    <ItemGroup>
        <DelphiCompile Include="$(MainSource)">
            <MainSource>MainSource</MainSource>
        </DelphiCompile>
        <RcCompile Include="Win7UAC.rc">
            <Form>Win7UAC.res</Form>
        </RcCompile>
        <DCCReference Include="Principal.pas">
            <Form>PrincipalForm</Form>
        </DCCReference>
        <DCCReference Include="CadGrade_Financeira.pas">
            <Form>CadGrade_FinanceiraForm</Form>
        </DCCReference>
        <DCCReference Include="CsGrade_Financeira.pas">
            <Form>CsGrade_FinanceiraForm</Form>
        </DCCReference>
        <DCCReference Include="CsBancos.pas">
            <Form>CsBancosForm</Form>
        </DCCReference>
        <DCCReference Include="CadClientes.pas">
            <Form>CadClientesForm</Form>
        </DCCReference>
        <DCCReference Include="CsClientes.pas">
            <Form>CsClientesForm</Form>
        </DCCReference>
        <DCCReference Include="CadBoletos.pas">
            <Form>CadBoletosForm</Form>
        </DCCReference>
        <DCCReference Include="Boletos1.pas">
            <Form>Boletos1Form</Form>
        </DCCReference>
        <DCCReference Include="GeraBoleto.pas">
            <Form>GeraBoletoForm</Form>
        </DCCReference>
        <DCCReference Include="CadTipoContas.pas">
            <Form>CadTipoContasForm</Form>
        </DCCReference>
        <DCCReference Include="CadLivroCaixa.pas">
            <Form>CadLivroCaixaForm</Form>
        </DCCReference>
        <DCCReference Include="CadCaixa.pas">
            <Form>CadCaixaForm</Form>
        </DCCReference>
        <DCCReference Include="Acesso.pas">
            <Form>AcessoForm</Form>
        </DCCReference>
        <DCCReference Include="CsTitulos.pas">
            <Form>CsTitulosForm</Form>
        </DCCReference>
        <DCCReference Include="acFuncoesBoleto.pas"/>
        <DCCReference Include="RelCarneCaixa.pas">
            <Form>RelCarneCaixaForm</Form>
        </DCCReference>
        <DCCReference Include="CsBoletosEmitidos.pas">
            <Form>CsBoletosEmitidosForm</Form>
        </DCCReference>
        <DCCReference Include="Relatorios.pas">
            <Form>RelatoriosForm</Form>
        </DCCReference>
        <DCCReference Include="IndicaRelComparativo.pas">
            <Form>IndicaRelComparativoForm</Form>
        </DCCReference>
        <DCCReference Include="RelComparativo.pas">
            <Form>RelComparativoForm</Form>
        </DCCReference>
        <DCCReference Include="CadFornecedores.pas">
            <Form>CadFornecedoresForm</Form>
        </DCCReference>
        <DCCReference Include="CsFornecedores.pas">
            <Form>CsFornecedoresForm</Form>
        </DCCReference>
        <DCCReference Include="CadPagar.pas">
            <Form>CadPagarForm</Form>
        </DCCReference>
        <DCCReference Include="CsPagar.pas">
            <Form>CsPagarForm</Form>
        </DCCReference>
        <DCCReference Include="RelAnalitico.pas">
            <Form>RelAnaliticoForm</Form>
        </DCCReference>
        <DCCReference Include="VisualizaRetorno.pas">
            <Form>VisualizaRetornoForm</Form>
        </DCCReference>
        <DCCReference Include="VisualizaTitulos.pas">
            <Form>VisualizaTitulosForm</Form>
        </DCCReference>
        <DCCReference Include="RelArquivoRetorno.pas">
            <Form>RelArquivoRetornoForm</Form>
        </DCCReference>
        <DCCReference Include="CsBaixaBanco.pas">
            <Form>CsBaixaBancoForm</Form>
        </DCCReference>
        <DCCReference Include="RelPagBanco.pas">
            <Form>RelPagBancoForm</Form>
        </DCCReference>
        <DCCReference Include="Retorno.pas">
            <Form>RetornoForm</Form>
        </DCCReference>
        <DCCReference Include="relSaldoContas.pas">
            <Form>relSaldoContasForm</Form>
        </DCCReference>
        <DCCReference Include="IndicaSaldoContas.pas">
            <Form>IndicaSaldoContasForm</Form>
        </DCCReference>
        <DCCReference Include="RelLivroCaixa.pas">
            <Form>RelLivroCaixaForm</Form>
        </DCCReference>
        <DCCReference Include="relTitulos.pas">
            <Form>relTitulosForm</Form>
        </DCCReference>
        <DCCReference Include="CsContatos.pas">
            <Form>CsContatosForm</Form>
        </DCCReference>
        <DCCReference Include="CadContatos.pas">
            <Form>CadContatosForm</Form>
        </DCCReference>
        <DCCReference Include="RelContatos.pas">
            <Form>RelContatosForm</Form>
        </DCCReference>
        <DCCReference Include="Baixa2.pas">
            <Form>Baixa2Form</Form>
        </DCCReference>
        <DCCReference Include="RecBol.pas">
            <Form>RecBolForm</Form>
        </DCCReference>
        <DCCReference Include="GerarSerial.pas">
            <Form>GerarSerialForm</Form>
        </DCCReference>
        <DCCReference Include="IndicaDemonstIR.pas">
            <Form>IndicaDemonstIRForm</Form>
        </DCCReference>
        <DCCReference Include="RelDemonstIR.pas">
            <Form>RelDemonstIRForm</Form>
        </DCCReference>
        <DCCReference Include="unThread.pas"/>
        <DCCReference Include="CadNfs.pas">
            <Form>CadNfsForm</Form>
        </DCCReference>
        <DCCReference Include="CsNfs.pas">
            <Form>CsNfsForm</Form>
        </DCCReference>
        <DCCReference Include="unImpressao.pas"/>
        <DCCReference Include="GerarNfs.pas">
            <Form>GerarNfsForm</Form>
        </DCCReference>
        <DCCReference Include="ListarRetorno.pas">
            <Form>ListarRetornoForm</Form>
        </DCCReference>
        <DCCReference Include="CsTipo_Contas.pas">
            <Form>CsTipo_ContasForm</Form>
        </DCCReference>
        <DCCReference Include="IndicaClientesServicos.pas">
            <Form>IndicaClientesServicosForm</Form>
        </DCCReference>
        <DCCReference Include="RelClientesServicos.pas">
            <Form>RelClientesServicosForm</Form>
        </DCCReference>
        <DCCReference Include="AtualizaCliSite.pas">
            <Form>AtualizaCliSiteForm</Form>
        </DCCReference>
        <DCCReference Include="RelClientesGeral.pas">
            <Form>RelClientesGeralForm</Form>
        </DCCReference>
        <DCCReference Include="Rastreio.pas">
            <Form>RastreioForm</Form>
        </DCCReference>
        <DCCReference Include="unRecursos.pas"/>
        <DCCReference Include="BaixaNEfetuada.pas">
            <Form>BaixaNEfetuadaForm</Form>
        </DCCReference>
        <DCCReference Include="EnviarEmail.pas">
            <Form>EnviarEmailForm</Form>
        </DCCReference>
        <DCCReference Include="ProgressoEmail.pas">
            <Form>ProgressoEmailForm</Form>
        </DCCReference>
        <DCCReference Include="CadConfig.pas">
            <Form>CadConfigForm</Form>
        </DCCReference>
        <DCCReference Include="RelNfs.pas">
            <Form>RelNfsForm</Form>
        </DCCReference>
        <DCCReference Include="RelNFSe.pas">
            <Form>RelNFSeForm</Form>
        </DCCReference>
        <DCCReference Include="EscolherData.pas">
            <Form>EscolherDataForm</Form>
        </DCCReference>
        <DCCReference Include="IndicaEtiquetas.pas">
            <Form>IndicaEtiquetasForm</Form>
        </DCCReference>
        <DCCReference Include="RelEtiquetas.pas">
            <Form>RelEtiquetasForm</Form>
        </DCCReference>
        <DCCReference Include="CsLogin.pas">
            <Form>CsLoginForm</Form>
        </DCCReference>
        <DCCReference Include="CadLogin.pas">
            <Form>CadLoginForm</Form>
        </DCCReference>
        <DCCReference Include="InforContratospas.pas">
            <Form>InforContratosForm</Form>
        </DCCReference>
        <DCCReference Include="CsDocumentos.pas">
            <Form>CsDocumentosForm</Form>
        </DCCReference>
        <DCCReference Include="CadDocHTML.pas">
            <Form>CadDocHTMLForm</Form>
        </DCCReference>
        <DCCReference Include="CsCampos.pas">
            <Form>CsCamposForm</Form>
        </DCCReference>
        <DCCReference Include="MSHTML_TLB.pas"/>
        <DCCReference Include="CadBancos.pas">
            <Form>CadBancosForm</Form>
        </DCCReference>
        <DCCReference Include="relContratoMatricula.pas">
            <Form>relContratoMatriculaForm</Form>
        </DCCReference>
        <DCCReference Include="ImprimirContrato.pas">
            <Form>ImprimirContratoForm</Form>
        </DCCReference>
        <DCCReference Include="RelacaoServicos.pas">
            <Form>RelacaoServicosForm</Form>
        </DCCReference>
        <DCCReference Include="CadServCliente.pas">
            <Form>CadServClienteForm</Form>
        </DCCReference>
        <DCCReference Include="AlterandoServidor.pas">
            <Form>AlterandoServidorForm</Form>
        </DCCReference>
        <DCCReference Include="SEDRegistro2.pas"/>
        <DCCReference Include="IsAdministrator.pas"/>
        <DCCReference Include="ImpExtrato.pas">
            <Form>ImpExtratoForm</Form>
        </DCCReference>
        <DCCReference Include="OFXReader.pas"/>
        <DCCReference Include="MalaDiretaFormUnit.pas">
            <Form>MalaDiretaForm</Form>
        </DCCReference>
        <DCCReference Include="CsLigacoes.pas">
            <Form>CsLigacoesForm</Form>
        </DCCReference>
        <DCCReference Include="CadLigacoes.pas">
            <Form>CadLigacoesForm</Form>
        </DCCReference>
        <DCCReference Include="RelLigacoes.pas">
            <Form>RelLigacoesForm</Form>
        </DCCReference>
        <DCCReference Include="IndicaLigacoes.pas">
            <Form>IndicaLigacoesForm</Form>
        </DCCReference>
        <DCCReference Include="Remessa.pas">
            <Form>RemessaForm</Form>
        </DCCReference>
        <DCCReference Include="IndicaPasta.pas">
            <Form>IndicaPastaForm</Form>
        </DCCReference>
        <DCCReference Include="csEnviarSMS.pas">
            <Form>form_enviar_sms</Form>
        </DCCReference>
        <DCCReference Include="Visualizar_Lista_Remessa.pas">
            <Form>Visualizar_Lista_RemessaForm</Form>
        </DCCReference>
        <DCCReference Include="IndicaRetorno.pas">
            <Form>IndicaRetornoForm</Form>
        </DCCReference>
        <DCCReference Include="RelEtiquetasBol.pas">
            <Form>RelEtiquetasBolForm</Form>
        </DCCReference>
        <DCCReference Include="CsOcorrenciasRet.pas">
            <Form>CsOcorrenciasRetForm</Form>
        </DCCReference>
        <DCCReference Include="AltDiasBaixaDev.pas">
            <Form>AltDiasBaixaDevForm</Form>
        </DCCReference>
        <DCCReference Include="relBoletosEmitidos.pas">
            <Form>relBoletosEmitidosForm</Form>
        </DCCReference>
        <DCCReference Include="SedNFSe_TLB.pas"/>
        <DCCReference Include="NFseCSTh.pas"/>
        <DCCReference Include="Unit1.pas">
            <Form>Form1</Form>
        </DCCReference>
        <DCCReference Include="AjusteBanco.pas">
            <Form>AjusteBancoForm</Form>
        </DCCReference>
        <DCCReference Include="Base.pas">
            <Form>BancodeDados</Form>
            <DesignClass>TDataModule</DesignClass>
        </DCCReference>
        <DCCReference Include="CsVeiculos.pas">
            <Form>CsVeiculosForm</Form>
            <FormType>dfm</FormType>
        </DCCReference>
        <DCCReference Include="CadVeiculos.pas">
            <Form>CadVeiculosForm</Form>
            <FormType>dfm</FormType>
        </DCCReference>
        <DCCReference Include="CsConf.pas">
            <Form>CsConfForm</Form>
            <FormType>dfm</FormType>
        </DCCReference>
        <DCCReference Include="GeraBoletoVeic.pas">
            <Form>GeraBoletoVeicForm</Form>
            <FormType>dfm</FormType>
        </DCCReference>
        <BuildConfiguration Include="Debug">
            <Key>Cfg_2</Key>
            <CfgParent>Base</CfgParent>
        </BuildConfiguration>
        <BuildConfiguration Include="Base">
            <Key>Base</Key>
        </BuildConfiguration>
        <BuildConfiguration Include="Release">
            <Key>Cfg_1</Key>
            <CfgParent>Base</CfgParent>
        </BuildConfiguration>
    </ItemGroup>
    <ProjectExtensions>
        <Borland.Personality>Delphi.Personality.12</Borland.Personality>
        <Borland.ProjectType/>
        <BorlandProject>
            <Delphi.Personality>
                <Source>
                    <Source Name="MainSource">locacao_automovel.dpr</Source>
                </Source>
            </Delphi.Personality>
            <Platforms>
                <Platform value="iOSDevice64">True</Platform>
                <Platform value="Win32">True</Platform>
                <Platform value="Win64">False</Platform>
            </Platforms>
            <Deployment Version="1">
                <DeployFile LocalName="C:\SED Soft\locacao_automovel.exe" Configuration="Debug" Class="ProjectOutput">
                    <Platform Name="Win32">
                        <RemoteName>locacao_automovel.exe</RemoteName>
                        <Overwrite>true</Overwrite>
                    </Platform>
                </DeployFile>
                <DeployClass Required="true" Name="DependencyPackage">
                    <Platform Name="iOSDevice64">
                        <Operation>1</Operation>
                        <Extensions>.dylib</Extensions>
                    </Platform>
                    <Platform Name="Win32">
                        <Operation>0</Operation>
                        <Extensions>.bpl</Extensions>
                    </Platform>
                    <Platform Name="OSX32">
                        <RemoteDir>Contents\MacOS</RemoteDir>
                        <Operation>1</Operation>
                        <Extensions>.dylib</Extensions>
                    </Platform>
                    <Platform Name="iOSSimulator">
                        <Operation>1</Operation>
                        <Extensions>.dylib</Extensions>
                    </Platform>
                    <Platform Name="iOSDevice32">
                        <Operation>1</Operation>
                        <Extensions>.dylib</Extensions>
                    </Platform>
                </DeployClass>
                <DeployClass Name="DependencyModule">
                    <Platform Name="iOSDevice64">
                        <Operation>1</Operation>
                        <Extensions>.dylib</Extensions>
                    </Platform>
                    <Platform Name="Win32">
                        <Operation>0</Operation>
                        <Extensions>.dll;.bpl</Extensions>
                    </Platform>
                    <Platform Name="OSX32">
                        <RemoteDir>Contents\MacOS</RemoteDir>
                        <Operation>1</Operation>
                        <Extensions>.dylib</Extensions>
                    </Platform>
                    <Platform Name="iOSSimulator">
                        <Operation>1</Operation>
                        <Extensions>.dylib</Extensions>
                    </Platform>
                    <Platform Name="iOSDevice32">
                        <Operation>1</Operation>
                        <Extensions>.dylib</Extensions>
                    </Platform>
                </DeployClass>
                <DeployClass Name="iPad_Launch2048">
                    <Platform Name="iOSDevice64">
                        <Operation>1</Operation>
                    </Platform>
                    <Platform Name="iOSSimulator">
                        <Operation>1</Operation>
                    </Platform>
                    <Platform Name="iOSDevice32">
                        <Operation>1</Operation>
                    </Platform>
                </DeployClass>
                <DeployClass Name="ProjectOSXInfoPList">
                    <Platform Name="OSX32">
                        <RemoteDir>Contents</RemoteDir>
                        <Operation>1</Operation>
                    </Platform>
                </DeployClass>
                <DeployClass Name="ProjectiOSDeviceDebug">
                    <Platform Name="iOSDevice64">
                        <RemoteDir>..\$(PROJECTNAME).app.dSYM\Contents\Resources\DWARF</RemoteDir>
                        <Operation>1</Operation>
                    </Platform>
                    <Platform Name="iOSDevice32">
                        <RemoteDir>..\$(PROJECTNAME).app.dSYM\Contents\Resources\DWARF</RemoteDir>
                        <Operation>1</Operation>
                    </Platform>
                </DeployClass>
                <DeployClass Name="Android_SplashImage470">
                    <Platform Name="Android">
                        <RemoteDir>res\drawable-normal</RemoteDir>
                        <Operation>1</Operation>
                    </Platform>
                </DeployClass>
                <DeployClass Name="AndroidLibnativeX86File">
                    <Platform Name="Android">
                        <RemoteDir>library\lib\x86</RemoteDir>
                        <Operation>1</Operation>
                    </Platform>
                </DeployClass>
                <DeployClass Name="ProjectiOSResource">
                    <Platform Name="iOSDevice64">
                        <Operation>1</Operation>
                    </Platform>
                    <Platform Name="iOSSimulator">
                        <Operation>1</Operation>
                    </Platform>
                    <Platform Name="iOSDevice32">
                        <Operation>1</Operation>
                    </Platform>
                </DeployClass>
                <DeployClass Name="ProjectOSXEntitlements">
                    <Platform Name="OSX32">
                        <RemoteDir>../</RemoteDir>
                        <Operation>1</Operation>
                    </Platform>
                </DeployClass>
                <DeployClass Name="AndroidGDBServer">
                    <Platform Name="Android">
                        <RemoteDir>library\lib\armeabi-v7a</RemoteDir>
                        <Operation>1</Operation>
                    </Platform>
                </DeployClass>
                <DeployClass Name="iPhone_Launch640">
                    <Platform Name="iOSDevice64">
                        <Operation>1</Operation>
                    </Platform>
                    <Platform Name="iOSSimulator">
                        <Operation>1</Operation>
                    </Platform>
                    <Platform Name="iOSDevice32">
                        <Operation>1</Operation>
                    </Platform>
                </DeployClass>
                <DeployClass Name="Android_SplashImage960">
                    <Platform Name="Android">
                        <RemoteDir>res\drawable-xlarge</RemoteDir>
                        <Operation>1</Operation>
                    </Platform>
                </DeployClass>
                <DeployClass Name="Android_LauncherIcon96">
                    <Platform Name="Android">
                        <RemoteDir>res\drawable-xhdpi</RemoteDir>
                        <Operation>1</Operation>
                    </Platform>
                </DeployClass>
                <DeployClass Name="iPhone_Launch320">
                    <Platform Name="iOSDevice64">
                        <Operation>1</Operation>
                    </Platform>
                    <Platform Name="iOSSimulator">
                        <Operation>1</Operation>
                    </Platform>
                    <Platform Name="iOSDevice32">
                        <Operation>1</Operation>
                    </Platform>
                </DeployClass>
                <DeployClass Name="Android_LauncherIcon144">
                    <Platform Name="Android">
                        <RemoteDir>res\drawable-xxhdpi</RemoteDir>
                        <Operation>1</Operation>
                    </Platform>
                </DeployClass>
                <DeployClass Name="AndroidLibnativeMipsFile">
                    <Platform Name="Android">
                        <RemoteDir>library\lib\mips</RemoteDir>
                        <Operation>1</Operation>
                    </Platform>
                </DeployClass>
                <DeployClass Name="AndroidSplashImageDef">
                    <Platform Name="Android">
                        <RemoteDir>res\drawable</RemoteDir>
                        <Operation>1</Operation>
                    </Platform>
                </DeployClass>
                <DeployClass Name="DebugSymbols">
                    <Platform Name="OSX32">
                        <RemoteDir>Contents\MacOS</RemoteDir>
                        <Operation>1</Operation>
                    </Platform>
                    <Platform Name="iOSSimulator">
                        <Operation>1</Operation>
                    </Platform>
                    <Platform Name="Win32">
                        <Operation>0</Operation>
                    </Platform>
                </DeployClass>
                <DeployClass Name="DependencyFramework">
                    <Platform Name="OSX32">
                        <RemoteDir>Contents\MacOS</RemoteDir>
                        <Operation>1</Operation>
                        <Extensions>.framework</Extensions>
                    </Platform>
                    <Platform Name="Win32">
                        <Operation>0</Operation>
                    </Platform>
                </DeployClass>
                <DeployClass Name="Android_SplashImage426">
                    <Platform Name="Android">
                        <RemoteDir>res\drawable-small</RemoteDir>
                        <Operation>1</Operation>
                    </Platform>
                </DeployClass>
                <DeployClass Name="ProjectiOSEntitlements">
                    <Platform Name="iOSDevice64">
                        <RemoteDir>../</RemoteDir>
                        <Operation>1</Operation>
                    </Platform>
                    <Platform Name="iOSDevice32">
                        <RemoteDir>../</RemoteDir>
                        <Operation>1</Operation>
                    </Platform>
                </DeployClass>
                <DeployClass Name="AdditionalDebugSymbols">
                    <Platform Name="OSX32">
                        <RemoteDir>Contents\MacOS</RemoteDir>
                        <Operation>1</Operation>
                    </Platform>
                    <Platform Name="iOSSimulator">
                        <Operation>1</Operation>
                    </Platform>
                    <Platform Name="Win32">
                        <RemoteDir>Contents\MacOS</RemoteDir>
                        <Operation>0</Operation>
                    </Platform>
                </DeployClass>
                <DeployClass Name="AndroidClassesDexFile">
                    <Platform Name="Android">
                        <RemoteDir>classes</RemoteDir>
                        <Operation>1</Operation>
                    </Platform>
                </DeployClass>
                <DeployClass Name="ProjectiOSInfoPList">
                    <Platform Name="iOSDevice64">
                        <Operation>1</Operation>
                    </Platform>
                    <Platform Name="iOSSimulator">
                        <Operation>1</Operation>
                    </Platform>
                    <Platform Name="iOSDevice32">
                        <Operation>1</Operation>
                    </Platform>
                </DeployClass>
                <DeployClass Name="iPad_Launch1024">
                    <Platform Name="iOSDevice64">
                        <Operation>1</Operation>
                    </Platform>
                    <Platform Name="iOSSimulator">
                        <Operation>1</Operation>
                    </Platform>
                    <Platform Name="iOSDevice32">
                        <Operation>1</Operation>
                    </Platform>
                </DeployClass>
                <DeployClass Name="Android_DefaultAppIcon">
                    <Platform Name="Android">
                        <RemoteDir>res\drawable</RemoteDir>
                        <Operation>1</Operation>
                    </Platform>
                </DeployClass>
                <DeployClass Name="ProjectOSXResource">
                    <Platform Name="OSX32">
                        <RemoteDir>Contents\Resources</RemoteDir>
                        <Operation>1</Operation>
                    </Platform>
                </DeployClass>
                <DeployClass Name="ProjectiOSDeviceResourceRules">
                    <Platform Name="iOSDevice64">
                        <Operation>1</Operation>
                    </Platform>
                    <Platform Name="iOSDevice32">
                        <Operation>1</Operation>
                    </Platform>
                </DeployClass>
                <DeployClass Name="iPad_Launch768">
                    <Platform Name="iOSDevice64">
                        <Operation>1</Operation>
                    </Platform>
                    <Platform Name="iOSSimulator">
                        <Operation>1</Operation>
                    </Platform>
                    <Platform Name="iOSDevice32">
                        <Operation>1</Operation>
                    </Platform>
                </DeployClass>
                <DeployClass Required="true" Name="ProjectOutput">
                    <Platform Name="Android">
                        <RemoteDir>library\lib\armeabi-v7a</RemoteDir>
                        <Operation>1</Operation>
                    </Platform>
                    <Platform Name="iOSDevice64">
                        <Operation>1</Operation>
                    </Platform>
                    <Platform Name="Win32">
                        <Operation>0</Operation>
                    </Platform>
                    <Platform Name="OSX32">
                        <RemoteDir>Contents\MacOS</RemoteDir>
                        <Operation>1</Operation>
                    </Platform>
                    <Platform Name="iOSSimulator">
                        <Operation>1</Operation>
                    </Platform>
                    <Platform Name="iOSDevice32">
                        <Operation>1</Operation>
                    </Platform>
                </DeployClass>
                <DeployClass Name="AndroidLibnativeArmeabiFile">
                    <Platform Name="Android">
                        <RemoteDir>library\lib\armeabi</RemoteDir>
                        <Operation>1</Operation>
                    </Platform>
                </DeployClass>
                <DeployClass Name="Android_SplashImage640">
                    <Platform Name="Android">
                        <RemoteDir>res\drawable-large</RemoteDir>
                        <Operation>1</Operation>
                    </Platform>
                </DeployClass>
                <DeployClass Name="File">
                    <Platform Name="Android">
                        <Operation>0</Operation>
                    </Platform>
                    <Platform Name="iOSDevice64">
                        <Operation>0</Operation>
                    </Platform>
                    <Platform Name="Win32">
                        <Operation>0</Operation>
                    </Platform>
                    <Platform Name="OSX32">
                        <RemoteDir>Contents\MacOS</RemoteDir>
                        <Operation>0</Operation>
                    </Platform>
                    <Platform Name="iOSSimulator">
                        <Operation>0</Operation>
                    </Platform>
                    <Platform Name="iOSDevice32">
                        <Operation>0</Operation>
                    </Platform>
                </DeployClass>
                <DeployClass Name="iPhone_Launch640x1136">
                    <Platform Name="iOSDevice64">
                        <Operation>1</Operation>
                    </Platform>
                    <Platform Name="iOSSimulator">
                        <Operation>1</Operation>
                    </Platform>
                    <Platform Name="iOSDevice32">
                        <Operation>1</Operation>
                    </Platform>
                </DeployClass>
                <DeployClass Name="Android_LauncherIcon36">
                    <Platform Name="Android">
                        <RemoteDir>res\drawable-ldpi</RemoteDir>
                        <Operation>1</Operation>
                    </Platform>
                </DeployClass>
                <DeployClass Name="AndroidSplashStyles">
                    <Platform Name="Android">
                        <RemoteDir>res\values</RemoteDir>
                        <Operation>1</Operation>
                    </Platform>
                </DeployClass>
                <DeployClass Name="iPad_Launch1536">
                    <Platform Name="iOSDevice64">
                        <Operation>1</Operation>
                    </Platform>
                    <Platform Name="iOSSimulator">
                        <Operation>1</Operation>
                    </Platform>
                    <Platform Name="iOSDevice32">
                        <Operation>1</Operation>
                    </Platform>
                </DeployClass>
                <DeployClass Name="Android_LauncherIcon48">
                    <Platform Name="Android">
                        <RemoteDir>res\drawable-mdpi</RemoteDir>
                        <Operation>1</Operation>
                    </Platform>
                </DeployClass>
                <DeployClass Name="Android_LauncherIcon72">
                    <Platform Name="Android">
                        <RemoteDir>res\drawable-hdpi</RemoteDir>
                        <Operation>1</Operation>
                    </Platform>
                </DeployClass>
                <DeployClass Name="ProjectAndroidManifest">
                    <Platform Name="Android">
                        <Operation>1</Operation>
                    </Platform>
                </DeployClass>
                <ProjectRoot Platform="iOSDevice32" Name="$(PROJECTNAME).app"/>
                <ProjectRoot Platform="Android" Name="$(PROJECTNAME)"/>
                <ProjectRoot Platform="Win32" Name="$(PROJECTNAME)"/>
                <ProjectRoot Platform="iOSDevice64" Name="$(PROJECTNAME).app"/>
                <ProjectRoot Platform="Win64" Name="$(PROJECTNAME)"/>
                <ProjectRoot Platform="iOSSimulator" Name="$(PROJECTNAME).app"/>
                <ProjectRoot Platform="OSX32" Name="$(PROJECTNAME).app"/>
            </Deployment>
        </BorlandProject>
        <ProjectFileVersion>12</ProjectFileVersion>
    </ProjectExtensions>
    <Import Project="$(BDS)\Bin\CodeGear.Delphi.Targets" Condition="Exists('$(BDS)\Bin\CodeGear.Delphi.Targets')"/>
    <Import Project="$(APPDATA)\Embarcadero\$(BDSAPPDATABASEDIR)\$(PRODUCTVERSION)\UserTools.proj" Condition="Exists('$(APPDATA)\Embarcadero\$(BDSAPPDATABASEDIR)\$(PRODUCTVERSION)\UserTools.proj')"/>
    <Import Project="$(MSBuildProjectName).deployproj" Condition="Exists('$(MSBuildProjectName).deployproj')"/>
</Project>

<!-- EurekaLog First Line
[Exception Log]
EurekaLog Version=7007
Activate=0
DeleteMapAfterCompile=0
Encrypt Password=""
EurekaLog Last Line -->
